
Microsoft Visual Studio Solution File, Format Version 12.00
# Visual Studio 15
VisualStudioVersion = 15.0.28307.572
MinimumVisualStudioVersion = 10.0.40219.1
Project("{FAE04EC0-301F-11D3-BF4B-00C04F79EFBC}") = "BilgeAdam.SelfSite", "BilgeAdam.SelfSite\BilgeAdam.SelfSite.csproj", "{2437DDED-2172-41F5-97BE-DFD0EBF8338F}"
EndProject
Project("{FAE04EC0-301F-11D3-BF4B-00C04F79EFBC}") = "BilgeAdam.SelfSite.Contracts", "BilgeAdam.SelfSite.Contracts\BilgeAdam.SelfSite.Contracts.csproj", "{CEA4A482-4079-46B2-897D-7EF9CA3A7166}"
EndProject
Project("{FAE04EC0-301F-11D3-BF4B-00C04F79EFBC}") = "BilgeAdam.SelfSite.DTOs", "BilgeAdam.SelfSite.DTOs\BilgeAdam.SelfSite.DTOs.csproj", "{2C5724CB-3EC4-4B00-9CB4-F01C3DA92F90}"
EndProject
Project("{2150E333-8FDC-42A3-9474-1A3956D46DE8}") = "Services", "Services", "{954949E5-6256-463D-9A03-5C0E6F1684E4}"
EndProject
Project("{FAE04EC0-301F-11D3-BF4B-00C04F79EFBC}") = "BilgeAdam.SelfSite.SQLServices", "BilgeAdam.SelfSite.SQLServices\BilgeAdam.SelfSite.SQLServices.csproj", "{F8E554C6-84A6-427B-AC08-34A99421A3A3}"
EndProject
Project("{FAE04EC0-301F-11D3-BF4B-00C04F79EFBC}") = "BilgeAdam.SelfSite.EFServices", "BilgeAdam.SelfSite.EFServices\BilgeAdam.SelfSite.EFServices.csproj", "{9C741BFD-7D1C-4DBA-8E88-7BE694BC504B}"
EndProject
Global
	GlobalSection(SolutionConfigurationPlatforms) = preSolution
		Debug|Any CPU = Debug|Any CPU
		Release|Any CPU = Release|Any CPU
	EndGlobalSection
	GlobalSection(ProjectConfigurationPlatforms) = postSolution
		{2437DDED-2172-41F5-97BE-DFD0EBF8338F}.Debug|Any CPU.ActiveCfg = Debug|Any CPU
		{2437DDED-2172-41F5-97BE-DFD0EBF8338F}.Debug|Any CPU.Build.0 = Debug|Any CPU
		{2437DDED-2172-41F5-97BE-DFD0EBF8338F}.Release|Any CPU.ActiveCfg = Release|Any CPU
		{2437DDED-2172-41F5-97BE-DFD0EBF8338F}.Release|Any CPU.Build.0 = Release|Any CPU
		{CEA4A482-4079-46B2-897D-7EF9CA3A7166}.Debug|Any CPU.ActiveCfg = Debug|Any CPU
		{CEA4A482-4079-46B2-897D-7EF9CA3A7166}.Debug|Any CPU.Build.0 = Debug|Any CPU
		{CEA4A482-4079-46B2-897D-7EF9CA3A7166}.Release|Any CPU.ActiveCfg = Release|Any CPU
		{CEA4A482-4079-46B2-897D-7EF9CA3A7166}.Release|Any CPU.Build.0 = Release|Any CPU
		{2C5724CB-3EC4-4B00-9CB4-F01C3DA92F90}.Debug|Any CPU.ActiveCfg = Debug|Any CPU
		{2C5724CB-3EC4-4B00-9CB4-F01C3DA92F90}.Debug|Any CPU.Build.0 = Debug|Any CPU
		{2C5724CB-3EC4-4B00-9CB4-F01C3DA92F90}.Release|Any CPU.ActiveCfg = Release|Any CPU
		{2C5724CB-3EC4-4B00-9CB4-F01C3DA92F90}.Release|Any CPU.Build.0 = Release|Any CPU
		{F8E554C6-84A6-427B-AC08-34A99421A3A3}.Debug|Any CPU.ActiveCfg = Debug|Any CPU
		{F8E554C6-84A6-427B-AC08-34A99421A3A3}.Debug|Any CPU.Build.0 = Debug|Any CPU
		{F8E554C6-84A6-427B-AC08-34A99421A3A3}.Release|Any CPU.ActiveCfg = Release|Any CPU
		{F8E554C6-84A6-427B-AC08-34A99421A3A3}.Release|Any CPU.Build.0 = Release|Any CPU
		{9C741BFD-7D1C-4DBA-8E88-7BE694BC504B}.Debug|Any CPU.ActiveCfg = Debug|Any CPU
		{9C741BFD-7D1C-4DBA-8E88-7BE694BC504B}.Debug|Any CPU.Build.0 = Debug|Any CPU
		{9C741BFD-7D1C-4DBA-8E88-7BE694BC504B}.Release|Any CPU.ActiveCfg = Release|Any CPU
		{9C741BFD-7D1C-4DBA-8E88-7BE694BC504B}.Release|Any CPU.Build.0 = Release|Any CPU
	EndGlobalSection
	GlobalSection(SolutionProperties) = preSolution
		HideSolutionNode = FALSE
	EndGlobalSection
	GlobalSection(NestedProjects) = preSolution
		{F8E554C6-84A6-427B-AC08-34A99421A3A3} = {954949E5-6256-463D-9A03-5C0E6F1684E4}
		{9C741BFD-7D1C-4DBA-8E88-7BE694BC504B} = {954949E5-6256-463D-9A03-5C0E6F1684E4}
	EndGlobalSection
	GlobalSection(ExtensibilityGlobals) = postSolution
		SolutionGuid = {A586FCB6-EC4E-4D74-AB01-5C11019B5D3C}
	EndGlobalSection
EndGlobal
